
Microsoft Visual Studio Solution File, Format Version 12.00
# Visual Studio Version 16
VisualStudioVersion = 16.0.31129.286
MinimumVisualStudioVersion = 10.0.40219.1
Project("{9A19103F-16F7-4668-BE54-9A1E7A4F7556}") = "TecH3DemoProject.Api", "TecH3DemoProject.Api\TecH3DemoProject.Api.csproj", "{D31870B5-9DD7-441B-B853-6BCF77B4D86F}"
EndProject
Project("{9A19103F-16F7-4668-BE54-9A1E7A4F7556}") = "TecH3DemoProject.Tests", "TecH3DemoProject.Tests\TecH3DemoProject.Tests.csproj", "{CA979FAC-217A-425C-A8C1-B28859BE64D9}"
	ProjectSection(ProjectDependencies) = postProject
		{D31870B5-9DD7-441B-B853-6BCF77B4D86F} = {D31870B5-9DD7-441B-B853-6BCF77B4D86F}
	EndProjectSection
EndProject
Global
	GlobalSection(SolutionConfigurationPlatforms) = preSolution
		Debug|Any CPU = Debug|Any CPU
		Release|Any CPU = Release|Any CPU
	EndGlobalSection
	GlobalSection(ProjectConfigurationPlatforms) = postSolution
		{D31870B5-9DD7-441B-B853-6BCF77B4D86F}.Debug|Any CPU.ActiveCfg = Debug|Any CPU
		{D31870B5-9DD7-441B-B853-6BCF77B4D86F}.Debug|Any CPU.Build.0 = Debug|Any CPU
		{D31870B5-9DD7-441B-B853-6BCF77B4D86F}.Release|Any CPU.ActiveCfg = Release|Any CPU
		{D31870B5-9DD7-441B-B853-6BCF77B4D86F}.Release|Any CPU.Build.0 = Release|Any CPU
		{CA979FAC-217A-425C-A8C1-B28859BE64D9}.Debug|Any CPU.ActiveCfg = Debug|Any CPU
		{CA979FAC-217A-425C-A8C1-B28859BE64D9}.Debug|Any CPU.Build.0 = Debug|Any CPU
		{CA979FAC-217A-425C-A8C1-B28859BE64D9}.Release|Any CPU.ActiveCfg = Release|Any CPU
		{CA979FAC-217A-425C-A8C1-B28859BE64D9}.Release|Any CPU.Build.0 = Release|Any CPU
	EndGlobalSection
	GlobalSection(SolutionProperties) = preSolution
		HideSolutionNode = FALSE
	EndGlobalSection
	GlobalSection(ExtensibilityGlobals) = postSolution
		SolutionGuid = {97A5445A-9CEF-46BD-B1E5-91244981998C}
	EndGlobalSection
EndGlobal
